
Microsoft Visual Studio Solution File, Format Version 12.00
# Visual Studio Version 17
VisualStudioVersion = 17.13.35828.75 d17.13
MinimumVisualStudioVersion = 10.0.40219.1
Project("{FAE04EC0-301F-11D3-BF4B-00C04F79EFBC}") = "RenameMe", "RenameMe.csproj", "{A911E7DD-46F3-B803-2742-A0B98AAB1119}"
EndProject
Global
	GlobalSection(SolutionConfigurationPlatforms) = preSolution
		Debug|Any CPU = Debug|Any CPU
		Release|Any CPU = Release|Any CPU
	EndGlobalSection
	GlobalSection(ProjectConfigurationPlatforms) = postSolution
		{A911E7DD-46F3-B803-2742-A0B98AAB1119}.Debug|Any CPU.ActiveCfg = Debug|Any CPU
		{A911E7DD-46F3-B803-2742-A0B98AAB1119}.Debug|Any CPU.Build.0 = Debug|Any CPU
		{A911E7DD-46F3-B803-2742-A0B98AAB1119}.Release|Any CPU.ActiveCfg = Release|Any CPU
		{A911E7DD-46F3-B803-2742-A0B98AAB1119}.Release|Any CPU.Build.0 = Release|Any CPU
	EndGlobalSection
	GlobalSection(SolutionProperties) = preSolution
		HideSolutionNode = FALSE
	EndGlobalSection
	GlobalSection(ExtensibilityGlobals) = postSolution
		SolutionGuid = {D6BC5ED8-3E65-42E0-B4A3-76B3043AF2E2}
	EndGlobalSection
EndGlobal
